github.com/MeKo-Christian/agg_go v0.2.6 h1:/e2wx6ZTX4G3SC79e8XswU4QGyKQDrl6hOvL6ICNfII=
github.com/MeKo-Christian/agg_go v0.2.6/go.mod h1:G0hjnR1ZdeDF5v2DS3vcF6M+3s/ZPSaoIFP9F9OMk3Q=
golang.org/x/sys v0.40.0 h1:DBZZqJ2Rkml6QMQsZywtnjnnGvHza6BTfYFWY9kjEWQ=
golang.org/x/sys v0.40.0/go.mod h1:OgkHotnGiDImocRcuBABYBEXf8A9a87e/uXjp9XT3ks=
